
Microsoft Visual Studio Solution File, Format Version 12.00
# Visual Studio Version 16
VisualStudioVersion = 16.0.33130.400
MinimumVisualStudioVersion = 10.0.40219.1
Project("{FAE04EC0-301F-11D3-BF4B-00C04F79EFBC}") = "MVC Project Empty", "MVC Project Empty.csproj", "{77C911BB-50A4-4657-9847-C49896376641}"
EndProject
Global
	GlobalSection(SolutionConfigurationPlatforms) = preSolution
		Debug|Any CPU = Debug|Any CPU
		Release|Any CPU = Release|Any CPU
	EndGlobalSection
	GlobalSection(ProjectConfigurationPlatforms) = postSolution
		{77C911BB-50A4-4657-9847-C49896376641}.Debug|Any CPU.ActiveCfg = Debug|Any CPU
		{77C911BB-50A4-4657-9847-C49896376641}.Debug|Any CPU.Build.0 = Debug|Any CPU
		{77C911BB-50A4-4657-9847-C49896376641}.Release|Any CPU.ActiveCfg = Release|Any CPU
		{77C911BB-50A4-4657-9847-C49896376641}.Release|Any CPU.Build.0 = Release|Any CPU
	EndGlobalSection
	GlobalSection(SolutionProperties) = preSolution
		HideSolutionNode = FALSE
	EndGlobalSection
	GlobalSection(ExtensibilityGlobals) = postSolution
		SolutionGuid = {FF518444-8346-4B53-9780-BE5ADA3D0E50}
	EndGlobalSection
EndGlobal
